hash: 8dfa5334d892783cb8d146c9cd80a2f923aa636eaa1a1126670a72d8e0c65a69
updated: 2017-03-12T17:01:19.117059368+08:00
imports:
- name: github.com/araddon/gou
  version: 0ab1e8f997e35d27da012072dc531fcc0204da5a
- name: github.com/bitly/go-hostpool
  version: c32c3660406ef1ea14936cc9282e174fe8508c42
- name: github.com/codegangsta/inject
  version: 33e0aa1cb7c019ccc3fbe049a8262a6403d30504
- name: github.com/coreos/etcd
  version: ac1c7eba21545c4ee025f2c340e143cacb53c754
  subpackages:
  - client
  - pkg/pathutil
  - pkg/types
- name: github.com/fsnotify/fsnotify
  version: a904159b9206978bb6d53fcc7a769e5cd726c737
- name: github.com/garyburd/redigo
  version: 0d253a66e6e1349f4581d6d2b300ee434ee2da9f
  subpackages:
  - internal
  - redis
- name: github.com/lytics/logrus
  version: 59cd2e4a569b4494d9196bef82f0784e467adac9
- name: github.com/mattbaird/elastigo
  version: 2fe47fd29e4b70353f852ede77a196830d2924ec
  subpackages:
  - lib
- name: github.com/Sirupsen/logrus
  version: 0208149b40d863d2c1a2f8fe5753096a9cf2cc8b
- name: github.com/ugorji/go
  version: ded73eae5db7e7a0ef6f55aace87a2873c5d2b74
  subpackages:
  - codec
- name: golang.org/x/net
  version: f2499483f923065a842d38eb4c7f1927e6fc6e6d
  subpackages:
  - context
  - http2
  - http2/hpack
  - internal/timeseries
  - trace
- name: golang.org/x/sys
  version: e4594059fe4cde2daf423055a596c2cd1e6c9adf
  subpackages:
  - unix
testImports:
- name: github.com/davecgh/go-spew
  version: 04cdfd42973bb9c8589fd6a731800cf222fde1a9
  subpackages:
  - spew
- name: github.com/pmezard/go-difflib
  version: d8ed2627bdf02c080bf22230dbb337003b7aba2d
  subpackages:
  - difflib
- name: github.com/stretchr/testify
  version: 4d4bfba8f1d1027c4fdbe371823030df51419987
  subpackages:
  - assert
